
Microsoft Visual Studio Solution File, Format Version 12.00
# Visual Studio Version 17
VisualStudioVersion = 17.11.35219.272
MinimumVisualStudioVersion = 10.0.40219.1
Project("{FAE04EC0-301F-11D3-BF4B-00C04F79EFBC}") = "EmployeeAPI", "EmployeeAPI\EmployeeAPI.csproj", "{A225F821-85EE-478E-9666-399702A3A011}"
EndProject
Global
	GlobalSection(SolutionConfigurationPlatforms) = preSolution
		Debug|Any CPU = Debug|Any CPU
		Release|Any CPU = Release|Any CPU
	EndGlobalSection
	GlobalSection(ProjectConfigurationPlatforms) = postSolution
		{A225F821-85EE-478E-9666-399702A3A011}.Debug|Any CPU.ActiveCfg = Debug|Any CPU
		{A225F821-85EE-478E-9666-399702A3A011}.Debug|Any CPU.Build.0 = Debug|Any CPU
		{A225F821-85EE-478E-9666-399702A3A011}.Release|Any CPU.ActiveCfg = Release|Any CPU
		{A225F821-85EE-478E-9666-399702A3A011}.Release|Any CPU.Build.0 = Release|Any CPU
	EndGlobalSection
	GlobalSection(SolutionProperties) = preSolution
		HideSolutionNode = FALSE
	EndGlobalSection
	GlobalSection(ExtensibilityGlobals) = postSolution
		SolutionGuid = {6D9D3A86-B127-45AE-A94E-F05AFEAD4647}
	EndGlobalSection
EndGlobal
